
Microsoft Visual Studio Solution File, Format Version 12.00
# Visual Studio Version 17
VisualStudioVersion = 17.13.35919.96
MinimumVisualStudioVersion = 10.0.40219.1
Project("{FAE04EC0-301F-11D3-BF4B-00C04F79EFBC}") = "BookManagerWinFormsApp", "BookManagerWinFormsApp\BookManagerWinFormsApp.csproj", "{7295C2FE-F053-4DC1-9692-9EC110511534}"
EndProject
Global
	GlobalSection(SolutionConfigurationPlatforms) = preSolution
		Debug|Any CPU = Debug|Any CPU
		Release|Any CPU = Release|Any CPU
	EndGlobalSection
	GlobalSection(ProjectConfigurationPlatforms) = postSolution
		{7295C2FE-F053-4DC1-9692-9EC110511534}.Debug|Any CPU.ActiveCfg = Debug|Any CPU
		{7295C2FE-F053-4DC1-9692-9EC110511534}.Debug|Any CPU.Build.0 = Debug|Any CPU
		{7295C2FE-F053-4DC1-9692-9EC110511534}.Release|Any CPU.ActiveCfg = Release|Any CPU
		{7295C2FE-F053-4DC1-9692-9EC110511534}.Release|Any CPU.Build.0 = Release|Any CPU
	EndGlobalSection
	GlobalSection(SolutionProperties) = preSolution
		HideSolutionNode = FALSE
	EndGlobalSection
	GlobalSection(ExtensibilityGlobals) = postSolution
		SolutionGuid = {933BE677-B6CE-4148-B2ED-47ED1B290A11}
	EndGlobalSection
EndGlobal
